PODS:
  - EnhancedCircleImageView (0.1)
  - FontAwesome.swift (1.9.1)
  - InputBarAccessoryView (5.5.0):
    - InputBarAccessoryView/Core (= 5.5.0)
  - InputBarAccessoryView/Core (5.5.0)
  - MessageKit (3.8.0):
    - InputBarAccessoryView (~> 5.5.0)
  - Nimble (12.0.0)
  - Quick (6.1.0)
  - ReverseExtension (0.6.0)
  - SDWebImage (5.15.6):
    - SDWebImage/Core (= 5.15.6)
  - SDWebImage/Core (5.15.6)
  - SnapKit (5.6.0)

DEPENDENCIES:
  - EnhancedCircleImageView
  - FontAwesome.swift
  - MessageKit
  - Nimble
  - Quick
  - ReverseExtension
  - SDWebImage
  - SnapKit

SPEC REPOS:
  trunk:
    - EnhancedCircleImageView
    - FontAwesome.swift
    - InputBarAccessoryView
    - MessageKit
    - Nimble
    - Quick
    - ReverseExtension
    - SDWebImage
    - SnapKit

SPEC CHECKSUMS:
  EnhancedCircleImageView: 1069bbc14526d89502cc0e48b45f5da6a3317a47
  FontAwesome.swift: 6b52cb7be66eacd28cbfaa0ca7ffd0de4a186a1d
  InputBarAccessoryView: 1d7b0a672b36e370f01f264b3907ef39d03328e3
  MessageKit: a1ba0c69ebead94029867853eb44dd05b9b3f453
  Nimble: 02a4990866e51868303a466970cd1c81bb84a192
  Quick: 6676ffb409bf04abba2ff23902af2407bfc6ac90
  ReverseExtension: 5c7ca8c165f47e9bde8e26084d5e7bf21ad4f5a6
  SDWebImage: d47d81bea8a77187896b620dc79c3c528e8906b9
  SnapKit: e01d52ebb8ddbc333eefe2132acf85c8227d9c25

PODFILE CHECKSUM: f70b8556df97f5cd7e33b6ad7574732100744fee

COCOAPODS: 1.12.1
