// !$*UTF8*$!
{
	archiveVersion = 1;
	classes = {
	};
	objectVersion = 51;
	objects = {

/* Begin PBXBuildFile section */
		452CAD1B25C37EF9003D4005 /* SampleTableHeaderCollectionViewCell.swift in Sources */ = {isa = PBXBuildFile; fileRef = 452CAD1925C37EF9003D4005 /* SampleTableHeaderCollectionViewCell.swift */; };
		452CAD1C25C37EF9003D4005 /* SampleTableHeaderCollectionViewCell.xib in Resources */ = {isa = PBXBuildFile; fileRef = 452CAD1A25C37EF9003D4005 /* SampleTableHeaderCollectionViewCell.xib */; };
		455BE5F825CE58740067FF06 /* BasicProfileView.swift in Sources */ = {isa = PBXBuildFile; fileRef = 455BE5F725CE58740067FF06 /* BasicProfileView.swift */; };
		455BE5FB25CE58800067FF06 /* BasicProfileView.xib in Resources */ = {isa = PBXBuildFile; fileRef = 455BE5FA25CE58800067FF06 /* BasicProfileView.xib */; };
		456C8A3A25CE6E6E005A7D32 /* UserListViewController.swift in Sources */ = {isa = PBXBuildFile; fileRef = 456C8A3825CE6E6E005A7D32 /* UserListViewController.swift */; };
		456C8A3F25CE73B1005A7D32 /* SampleCollectionViewCell.swift in Sources */ = {isa = PBXBuildFile; fileRef = 456C8A3D25CE73B1005A7D32 /* SampleCollectionViewCell.swift */; };
		456C8A4025CE73B1005A7D32 /* SampleCollectionViewCell.xib in Resources */ = {isa = PBXBuildFile; fileRef = 456C8A3E25CE73B1005A7D32 /* SampleCollectionViewCell.xib */; };
		456C8A4B25CFC65F005A7D32 /* UserListView.swift in Sources */ = {isa = PBXBuildFile; fileRef = 456C8A4A25CFC65F005A7D32 /* UserListView.swift */; };
		456C8A4E25CFC66A005A7D32 /* UserListView.xib in Resources */ = {isa = PBXBuildFile; fileRef = 456C8A4D25CFC66A005A7D32 /* UserListView.xib */; };
		45834CF525B64B6A005E4544 /* AppDelegate.swift in Sources */ = {isa = PBXBuildFile; fileRef = 45834CF425B64B6A005E4544 /* AppDelegate.swift */; };
		45834CF725B64B6A005E4544 /* SceneDelegate.swift in Sources */ = {isa = PBXBuildFile; fileRef = 45834CF625B64B6A005E4544 /* SceneDelegate.swift */; };
		45834CFE25B64B6C005E4544 /* Assets.xcassets in Resources */ = {isa = PBXBuildFile; fileRef = 45834CFD25B64B6C005E4544 /* Assets.xcassets */; };
		45834D0125B64B6C005E4544 /* LaunchScreen.storyboard in Resources */ = {isa = PBXBuildFile; fileRef = 45834CFF25B64B6C005E4544 /* LaunchScreen.storyboard */; };
		45834D0A25B64C51005E4544 /* .swiftlint.yml in Resources */ = {isa = PBXBuildFile; fileRef = 45834D0925B64C51005E4544 /* .swiftlint.yml */; };
		45834D0F25B64DE2005E4544 /* MainTabController.swift in Sources */ = {isa = PBXBuildFile; fileRef = 45834D0E25B64DE2005E4544 /* MainTabController.swift */; };
		45834D1B25B65CEA005E4544 /* UIImage+.swift in Sources */ = {isa = PBXBuildFile; fileRef = 45834D1A25B65CEA005E4544 /* UIImage+.swift */; };
		45834DE725B7C1DB005E4544 /* User.swift in Sources */ = {isa = PBXBuildFile; fileRef = 45834DE625B7C1DB005E4544 /* User.swift */; };
		45834DEA25B7C3C2005E4544 /* UserAPI.swift in Sources */ = {isa = PBXBuildFile; fileRef = 45834DE925B7C3C2005E4544 /* UserAPI.swift */; };
		45834DFA25B7CA2A005E4544 /* SampleTableViewController.swift in Sources */ = {isa = PBXBuildFile; fileRef = 45834DF825B7CA2A005E4544 /* SampleTableViewController.swift */; };
		45834DFB25B7CA2A005E4544 /* SampleTableViewController.xib in Resources */ = {isa = PBXBuildFile; fileRef = 45834DF925B7CA2A005E4544 /* SampleTableViewController.xib */; };
		45834E0025B7CAA0005E4544 /* SampleTableViewCell.swift in Sources */ = {isa = PBXBuildFile; fileRef = 45834DFE25B7CAA0005E4544 /* SampleTableViewCell.swift */; };
		45834E0125B7CAA0005E4544 /* SampleTableViewCell.xib in Resources */ = {isa = PBXBuildFile; fileRef = 45834DFF25B7CAA0005E4544 /* SampleTableViewCell.xib */; };
		45834E0425B7CBAD005E4544 /* UIView+.swift in Sources */ = {isa = PBXBuildFile; fileRef = 45834E0325B7CBAD005E4544 /* UIView+.swift */; };
		45834E0A25B7CE88005E4544 /* Array+.swift in Sources */ = {isa = PBXBuildFile; fileRef = 45834E0925B7CE88005E4544 /* Array+.swift */; };
		45834E1F25B8139A005E4544 /* SampleTableHeaderView.swift in Sources */ = {isa = PBXBuildFile; fileRef = 45834E1D25B8139A005E4544 /* SampleTableHeaderView.swift */; };
		45AA657825C68E91006802F4 /* ProfileViewController.swift in Sources */ = {isa = PBXBuildFile; fileRef = 45AA657625C68E91006802F4 /* ProfileViewController.swift */; };
		45AA657925C68E91006802F4 /* ProfileViewController.xib in Resources */ = {isa = PBXBuildFile; fileRef = 45AA657725C68E91006802F4 /* ProfileViewController.xib */; };
		B8F31E11E92CCE2C60C26DFD /* Pods_iOS_UISample.framework in Frameworks */ = {isa = PBXBuildFile; fileRef = 76E83C1FE1786DAE2D3C9881 /* Pods_iOS_UISample.framework */; };
/* End PBXBuildFile section */

/* Begin PBXFileReference section */
		452CAD1925C37EF9003D4005 /* SampleTableHeaderCollectionViewCell.swift */ = {isa = PBXFileReference; lastKnownFileType = sourcecode.swift; path = SampleTableHeaderCollectionViewCell.swift; sourceTree = "<group>"; };
		452CAD1A25C37EF9003D4005 /* SampleTableHeaderCollectionViewCell.xib */ = {isa = PBXFileReference; lastKnownFileType = file.xib; path = SampleTableHeaderCollectionViewCell.xib; sourceTree = "<group>"; };
		455BE5F725CE58740067FF06 /* BasicProfileView.swift */ = {isa = PBXFileReference; lastKnownFileType = sourcecode.swift; path = BasicProfileView.swift; sourceTree = "<group>"; };
		455BE5FA25CE58800067FF06 /* BasicProfileView.xib */ = {isa = PBXFileReference; lastKnownFileType = file.xib; path = BasicProfileView.xib; sourceTree = "<group>"; };
		456C8A3825CE6E6E005A7D32 /* UserListViewController.swift */ = {isa = PBXFileReference; lastKnownFileType = sourcecode.swift; path = UserListViewController.swift; sourceTree = "<group>"; };
		456C8A3D25CE73B1005A7D32 /* SampleCollectionViewCell.swift */ = {isa = PBXFileReference; lastKnownFileType = sourcecode.swift; path = SampleCollectionViewCell.swift; sourceTree = "<group>"; };
		456C8A3E25CE73B1005A7D32 /* SampleCollectionViewCell.xib */ = {isa = PBXFileReference; lastKnownFileType = file.xib; path = SampleCollectionViewCell.xib; sourceTree = "<group>"; };
		456C8A4A25CFC65F005A7D32 /* UserListView.swift */ = {isa = PBXFileReference; lastKnownFileType = sourcecode.swift; path = UserListView.swift; sourceTree = "<group>"; };
		456C8A4D25CFC66A005A7D32 /* UserListView.xib */ = {isa = PBXFileReference; lastKnownFileType = file.xib; path = UserListView.xib; sourceTree = "<group>"; };
		45834CF125B64B6A005E4544 /* iOS-UISample.app */ = {isa = PBXFileReference; explicitFileType = wrapper.application; includeInIndex = 0; path = "iOS-UISample.app"; sourceTree = BUILT_PRODUCTS_DIR; };
		45834CF425B64B6A005E4544 /* AppDelegate.swift */ = {isa = PBXFileReference; lastKnownFileType = sourcecode.swift; path = AppDelegate.swift; sourceTree = "<group>"; };
		45834CF625B64B6A005E4544 /* SceneDelegate.swift */ = {isa = PBXFileReference; lastKnownFileType = sourcecode.swift; path = SceneDelegate.swift; sourceTree = "<group>"; };
		45834CFD25B64B6C005E4544 /* Assets.xcassets */ = {isa = PBXFileReference; lastKnownFileType = folder.assetcatalog; path = Assets.xcassets; sourceTree = "<group>"; };
		45834D0025B64B6C005E4544 /* Base */ = {isa = PBXFileReference; lastKnownFileType = file.storyboard; name = Base; path = Base.lproj/LaunchScreen.storyboard; sourceTree = "<group>"; };
		45834D0225B64B6C005E4544 /* Info.plist */ = {isa = PBXFileReference; lastKnownFileType = text.plist.xml; path = Info.plist; sourceTree = "<group>"; };
		45834D0925B64C51005E4544 /* .swiftlint.yml */ = {isa = PBXFileReference; fileEncoding = 4; lastKnownFileType = text.yaml; path = .swiftlint.yml; sourceTree = "<group>"; };
		45834D0E25B64DE2005E4544 /* MainTabController.swift */ = {isa = PBXFileReference; lastKnownFileType = sourcecode.swift; path = MainTabController.swift; sourceTree = "<group>"; };
		45834D1A25B65CEA005E4544 /* UIImage+.swift */ = {isa = PBXFileReference; fileEncoding = 4; lastKnownFileType = sourcecode.swift; path = "UIImage+.swift"; sourceTree = "<group>"; };
		45834DE625B7C1DB005E4544 /* User.swift */ = {isa = PBXFileReference; lastKnownFileType = sourcecode.swift; path = User.swift; sourceTree = "<group>"; };
		45834DE925B7C3C2005E4544 /* UserAPI.swift */ = {isa = PBXFileReference; lastKnownFileType = sourcecode.swift; path = UserAPI.swift; sourceTree = "<group>"; };
		45834DF825B7CA2A005E4544 /* SampleTableViewController.swift */ = {isa = PBXFileReference; lastKnownFileType = sourcecode.swift; path = SampleTableViewController.swift; sourceTree = "<group>"; };
		45834DF925B7CA2A005E4544 /* SampleTableViewController.xib */ = {isa = PBXFileReference; lastKnownFileType = file.xib; path = SampleTableViewController.xib; sourceTree = "<group>"; };
		45834DFE25B7CAA0005E4544 /* SampleTableViewCell.swift */ = {isa = PBXFileReference; lastKnownFileType = sourcecode.swift; path = SampleTableViewCell.swift; sourceTree = "<group>"; };
		45834DFF25B7CAA0005E4544 /* SampleTableViewCell.xib */ = {isa = PBXFileReference; lastKnownFileType = file.xib; path = SampleTableViewCell.xib; sourceTree = "<group>"; };
		45834E0325B7CBAD005E4544 /* UIView+.swift */ = {isa = PBXFileReference; lastKnownFileType = sourcecode.swift; path = "UIView+.swift"; sourceTree = "<group>"; };
		45834E0925B7CE88005E4544 /* Array+.swift */ = {isa = PBXFileReference; fileEncoding = 4; lastKnownFileType = sourcecode.swift; path = "Array+.swift"; sourceTree = "<group>"; };
		45834E1D25B8139A005E4544 /* SampleTableHeaderView.swift */ = {isa = PBXFileReference; lastKnownFileType = sourcecode.swift; path = SampleTableHeaderView.swift; sourceTree = "<group>"; };
		45AA657625C68E91006802F4 /* ProfileViewController.swift */ = {isa = PBXFileReference; lastKnownFileType = sourcecode.swift; path = ProfileViewController.swift; sourceTree = "<group>"; };
		45AA657725C68E91006802F4 /* ProfileViewController.xib */ = {isa = PBXFileReference; lastKnownFileType = file.xib; path = ProfileViewController.xib; sourceTree = "<group>"; };
		76E83C1FE1786DAE2D3C9881 /* Pods_iOS_UISample.framework */ = {isa = PBXFileReference; explicitFileType = wrapper.framework; includeInIndex = 0; path = Pods_iOS_UISample.framework; sourceTree = BUILT_PRODUCTS_DIR; };
		7F33030918567F7F01390B00 /* Pods-iOS-UISample.release.xcconfig */ = {isa = PBXFileReference; includeInIndex = 1; lastKnownFileType = text.xcconfig; name = "Pods-iOS-UISample.release.xcconfig"; path = "Target Support Files/Pods-iOS-UISample/Pods-iOS-UISample.release.xcconfig"; sourceTree = "<group>"; };
		9721D6F57CDAB7A4B037ACFC /* Pods-iOS-UISample.debug.xcconfig */ = {isa = PBXFileReference; includeInIndex = 1; lastKnownFileType = text.xcconfig; name = "Pods-iOS-UISample.debug.xcconfig"; path = "Target Support Files/Pods-iOS-UISample/Pods-iOS-UISample.debug.xcconfig"; sourceTree = "<group>"; };
/* End PBXFileReference section */

/* Begin PBXFrameworksBuildPhase section */
		45834CEE25B64B6A005E4544 /* Frameworks */ = {
			isa = PBXFrameworksBuildPhase;
			buildActionMask = 2147483647;
			files = (
				B8F31E11E92CCE2C60C26DFD /* Pods_iOS_UISample.framework in Frameworks */,
			);
			runOnlyForDeploymentPostprocessing = 0;
		};
/* End PBXFrameworksBuildPhase section */

/* Begin PBXGroup section */
		3F009FFAB5AFBBE26A468D46 /* Frameworks */ = {
			isa = PBXGroup;
			children = (
				76E83C1FE1786DAE2D3C9881 /* Pods_iOS_UISample.framework */,
			);
			name = Frameworks;
			sourceTree = "<group>";
		};
		456C8A3625CE6E2E005A7D32 /* TableView */ = {
			isa = PBXGroup;
			children = (
				45834DFE25B7CAA0005E4544 /* SampleTableViewCell.swift */,
				45834DFF25B7CAA0005E4544 /* SampleTableViewCell.xib */,
				45834E1D25B8139A005E4544 /* SampleTableHeaderView.swift */,
				452CAD1925C37EF9003D4005 /* SampleTableHeaderCollectionViewCell.swift */,
				452CAD1A25C37EF9003D4005 /* SampleTableHeaderCollectionViewCell.xib */,
			);
			path = TableView;
			sourceTree = "<group>";
		};
		456C8A3725CE6E3F005A7D32 /* CollectionView */ = {
			isa = PBXGroup;
			children = (
				456C8A3D25CE73B1005A7D32 /* SampleCollectionViewCell.swift */,
				456C8A3E25CE73B1005A7D32 /* SampleCollectionViewCell.xib */,
				456C8A4A25CFC65F005A7D32 /* UserListView.swift */,
				456C8A4D25CFC66A005A7D32 /* UserListView.xib */,
			);
			path = CollectionView;
			sourceTree = "<group>";
		};
		45834CE825B64B6A005E4544 = {
			isa = PBXGroup;
			children = (
				45834D0925B64C51005E4544 /* .swiftlint.yml */,
				45834CF325B64B6A005E4544 /* iOS-UISample */,
				45834CF225B64B6A005E4544 /* Products */,
				B61D56B328EDE3C513D5FA7A /* Pods */,
				3F009FFAB5AFBBE26A468D46 /* Frameworks */,
			);
			sourceTree = "<group>";
		};
		45834CF225B64B6A005E4544 /* Products */ = {
			isa = PBXGroup;
			children = (
				45834CF125B64B6A005E4544 /* iOS-UISample.app */,
			);
			name = Products;
			sourceTree = "<group>";
		};
		45834CF325B64B6A005E4544 /* iOS-UISample */ = {
			isa = PBXGroup;
			children = (
				45834D0225B64B6C005E4544 /* Info.plist */,
				45834DEF25B7C795005E4544 /* Util */,
				45834DE525B7C18C005E4544 /* API */,
				45834DE425B7C138005E4544 /* Model */,
				45834DED25B7C770005E4544 /* View */,
				45834DEE25B7C777005E4544 /* ViewController */,
			);
			path = "iOS-UISample";
			sourceTree = "<group>";
		};
		45834D1925B65CCA005E4544 /* Extension */ = {
			isa = PBXGroup;
			children = (
				45834E0925B7CE88005E4544 /* Array+.swift */,
				45834D1A25B65CEA005E4544 /* UIImage+.swift */,
				45834E0325B7CBAD005E4544 /* UIView+.swift */,
			);
			path = Extension;
			sourceTree = "<group>";
		};
		45834DE425B7C138005E4544 /* Model */ = {
			isa = PBXGroup;
			children = (
				45834DE625B7C1DB005E4544 /* User.swift */,
			);
			path = Model;
			sourceTree = "<group>";
		};
		45834DE525B7C18C005E4544 /* API */ = {
			isa = PBXGroup;
			children = (
				45834DE925B7C3C2005E4544 /* UserAPI.swift */,
			);
			path = API;
			sourceTree = "<group>";
		};
		45834DED25B7C770005E4544 /* View */ = {
			isa = PBXGroup;
			children = (
				456C8A3725CE6E3F005A7D32 /* CollectionView */,
				456C8A3625CE6E2E005A7D32 /* TableView */,
				455BE5F725CE58740067FF06 /* BasicProfileView.swift */,
				455BE5FA25CE58800067FF06 /* BasicProfileView.xib */,
			);
			path = View;
			sourceTree = "<group>";
		};
		45834DEE25B7C777005E4544 /* ViewController */ = {
			isa = PBXGroup;
			children = (
				45834D0E25B64DE2005E4544 /* MainTabController.swift */,
				456C8A3825CE6E6E005A7D32 /* UserListViewController.swift */,
				45834DF825B7CA2A005E4544 /* SampleTableViewController.swift */,
				45834DF925B7CA2A005E4544 /* SampleTableViewController.xib */,
				45AA657625C68E91006802F4 /* ProfileViewController.swift */,
				45AA657725C68E91006802F4 /* ProfileViewController.xib */,
			);
			path = ViewController;
			sourceTree = "<group>";
		};
		45834DEF25B7C795005E4544 /* Util */ = {
			isa = PBXGroup;
			children = (
				45834D1925B65CCA005E4544 /* Extension */,
				45834CFD25B64B6C005E4544 /* Assets.xcassets */,
				45834CF425B64B6A005E4544 /* AppDelegate.swift */,
				45834CF625B64B6A005E4544 /* SceneDelegate.swift */,
				45834CFF25B64B6C005E4544 /* LaunchScreen.storyboard */,
			);
			path = Util;
			sourceTree = "<group>";
		};
		B61D56B328EDE3C513D5FA7A /* Pods */ = {
			isa = PBXGroup;
			children = (
				9721D6F57CDAB7A4B037ACFC /* Pods-iOS-UISample.debug.xcconfig */,
				7F33030918567F7F01390B00 /* Pods-iOS-UISample.release.xcconfig */,
			);
			path = Pods;
			sourceTree = "<group>";
		};
/* End PBXGroup section */

/* Begin PBXNativeTarget section */
		45834CF025B64B6A005E4544 /* iOS-UISample */ = {
			isa = PBXNativeTarget;
			buildConfigurationList = 45834D0525B64B6C005E4544 /* Build configuration list for PBXNativeTarget "iOS-UISample" */;
			buildPhases = (
				19B6B929DE23A9088647B9CE /* [CP] Check Pods Manifest.lock */,
				45834CED25B64B6A005E4544 /* Sources */,
				45834CEE25B64B6A005E4544 /* Frameworks */,
				45834CEF25B64B6A005E4544 /* Resources */,
				45834D0C25B64CB3005E4544 /* Run SwiftLint */,
				121F379757FF3E13CC7E3344 /* [CP] Embed Pods Frameworks */,
			);
			buildRules = (
			);
			dependencies = (
			);
			name = "iOS-UISample";
			productName = "iOS-UISample";
			productReference = 45834CF125B64B6A005E4544 /* iOS-UISample.app */;
			productType = "com.apple.product-type.application";
		};
/* End PBXNativeTarget section */

/* Begin PBXProject section */
		45834CE925B64B6A005E4544 /* Project object */ = {
			isa = PBXProject;
			attributes = {
				LastSwiftUpdateCheck = 1230;
				LastUpgradeCheck = 1230;
				TargetAttributes = {
					45834CF025B64B6A005E4544 = {
						CreatedOnToolsVersion = 12.3;
					};
				};
			};
			buildConfigurationList = 45834CEC25B64B6A005E4544 /* Build configuration list for PBXProject "iOS-UISample" */;
			compatibilityVersion = "Xcode 9.3";
			developmentRegion = en;
			hasScannedForEncodings = 0;
			knownRegions = (
				en,
				Base,
			);
			mainGroup = 45834CE825B64B6A005E4544;
			productRefGroup = 45834CF225B64B6A005E4544 /* Products */;
			projectDirPath = "";
			projectRoot = "";
			targets = (
				45834CF025B64B6A005E4544 /* iOS-UISample */,
			);
		};
/* End PBXProject section */

/* Begin PBXResourcesBuildPhase section */
		45834CEF25B64B6A005E4544 /* Resources */ = {
			isa = PBXResourcesBuildPhase;
			buildActionMask = 2147483647;
			files = (
				456C8A4E25CFC66A005A7D32 /* UserListView.xib in Resources */,
				45AA657925C68E91006802F4 /* ProfileViewController.xib in Resources */,
				45834D0A25B64C51005E4544 /* .swiftlint.yml in Resources */,
				45834E0125B7CAA0005E4544 /* SampleTableViewCell.xib in Resources */,
				455BE5FB25CE58800067FF06 /* BasicProfileView.xib in Resources */,
				452CAD1C25C37EF9003D4005 /* SampleTableHeaderCollectionViewCell.xib in Resources */,
				45834D0125B64B6C005E4544 /* LaunchScreen.storyboard in Resources */,
				456C8A4025CE73B1005A7D32 /* SampleCollectionViewCell.xib in Resources */,
				45834CFE25B64B6C005E4544 /* Assets.xcassets in Resources */,
				45834DFB25B7CA2A005E4544 /* SampleTableViewController.xib in Resources */,
			);
			runOnlyForDeploymentPostprocessing = 0;
		};
/* End PBXResourcesBuildPhase section */

/* Begin PBXShellScriptBuildPhase section */
		121F379757FF3E13CC7E3344 /* [CP] Embed Pods Frameworks */ = {
			isa = PBXShellScriptBuildPhase;
			buildActionMask = 2147483647;
			files = (
			);
			inputFileListPaths = (
				"${PODS_ROOT}/Target Support Files/Pods-iOS-UISample/Pods-iOS-UISample-frameworks-${CONFIGURATION}-input-files.xcfilelist",
			);
			name = "[CP] Embed Pods Frameworks";
			outputFileListPaths = (
				"${PODS_ROOT}/Target Support Files/Pods-iOS-UISample/Pods-iOS-UISample-frameworks-${CONFIGURATION}-output-files.xcfilelist",
			);
			runOnlyForDeploymentPostprocessing = 0;
			shellPath = /bin/sh;
			shellScript = "\"${PODS_ROOT}/Target Support Files/Pods-iOS-UISample/Pods-iOS-UISample-frameworks.sh\"\n";
			showEnvVarsInLog = 0;
		};
		19B6B929DE23A9088647B9CE /* [CP] Check Pods Manifest.lock */ = {
			isa = PBXShellScriptBuildPhase;
			buildActionMask = 2147483647;
			files = (
			);
			inputFileListPaths = (
			);
			inputPaths = (
				"${PODS_PODFILE_DIR_PATH}/Podfile.lock",
				"${PODS_ROOT}/Manifest.lock",
			);
			name = "[CP] Check Pods Manifest.lock";
			outputFileListPaths = (
			);
			outputPaths = (
				"$(DERIVED_FILE_DIR)/Pods-iOS-UISample-checkManifestLockResult.txt",
			);
			runOnlyForDeploymentPostprocessing = 0;
			shellPath = /bin/sh;
			shellScript = "diff \"${PODS_PODFILE_DIR_PATH}/Podfile.lock\" \"${PODS_ROOT}/Manifest.lock\" > /dev/null\nif [ $? != 0 ] ; then\n    # print error to STDERR\n    echo \"error: The sandbox is not in sync with the Podfile.lock. Run 'pod install' or update your CocoaPods installation.\" >&2\n    exit 1\nfi\n# This output is used by Xcode 'outputs' to avoid re-running this script phase.\necho \"SUCCESS\" > \"${SCRIPT_OUTPUT_FILE_0}\"\n";
			showEnvVarsInLog = 0;
		};
		45834D0C25B64CB3005E4544 /* Run SwiftLint */ = {
			isa = PBXShellScriptBuildPhase;
			buildActionMask = 2147483647;
			files = (
			);
			inputFileListPaths = (
			);
			inputPaths = (
			);
			name = "Run SwiftLint";
			outputFileListPaths = (
			);
			outputPaths = (
			);
			runOnlyForDeploymentPostprocessing = 0;
			shellPath = /bin/sh;
			shellScript = "if which swiftlint >/dev/null; then\n  swiftlint\nelse\n  echo \"SwiftLint does not exist, download from https://github.com/realm/SwiftLint\"\nfi\n";
		};
/* End PBXShellScriptBuildPhase section */

/* Begin PBXSourcesBuildPhase section */
		45834CED25B64B6A005E4544 /* Sources */ = {
			isa = PBXSourcesBuildPhase;
			buildActionMask = 2147483647;
			files = (
				45834CF525B64B6A005E4544 /* AppDelegate.swift in Sources */,
				45834E0025B7CAA0005E4544 /* SampleTableViewCell.swift in Sources */,
				456C8A3F25CE73B1005A7D32 /* SampleCollectionViewCell.swift in Sources */,
				452CAD1B25C37EF9003D4005 /* SampleTableHeaderCollectionViewCell.swift in Sources */,
				45834E1F25B8139A005E4544 /* SampleTableHeaderView.swift in Sources */,
				45834DE725B7C1DB005E4544 /* User.swift in Sources */,
				455BE5F825CE58740067FF06 /* BasicProfileView.swift in Sources */,
				45834D1B25B65CEA005E4544 /* UIImage+.swift in Sources */,
				45834DFA25B7CA2A005E4544 /* SampleTableViewController.swift in Sources */,
				45834D0F25B64DE2005E4544 /* MainTabController.swift in Sources */,
				45834E0425B7CBAD005E4544 /* UIView+.swift in Sources */,
				456C8A4B25CFC65F005A7D32 /* UserListView.swift in Sources */,
				456C8A3A25CE6E6E005A7D32 /* UserListViewController.swift in Sources */,
				45834CF725B64B6A005E4544 /* SceneDelegate.swift in Sources */,
				45AA657825C68E91006802F4 /* ProfileViewController.swift in Sources */,
				45834DEA25B7C3C2005E4544 /* UserAPI.swift in Sources */,
				45834E0A25B7CE88005E4544 /* Array+.swift in Sources */,
			);
			runOnlyForDeploymentPostprocessing = 0;
		};
/* End PBXSourcesBuildPhase section */

/* Begin PBXVariantGroup section */
		45834CFF25B64B6C005E4544 /* LaunchScreen.storyboard */ = {
			isa = PBXVariantGroup;
			children = (
				45834D0025B64B6C005E4544 /* Base */,
			);
			name = LaunchScreen.storyboard;
			sourceTree = "<group>";
		};
/* End PBXVariantGroup section */

/* Begin XCBuildConfiguration section */
		45834D0325B64B6C005E4544 /* Debug */ = {
			isa = XCBuildConfiguration;
			buildSettings = {
				ALWAYS_SEARCH_USER_PATHS = NO;
				CLANG_ANALYZER_NONNULL = YES;
				CLANG_ANALYZER_NUMBER_OBJECT_CONVERSION = YES_AGGRESSIVE;
				CLANG_CXX_LANGUAGE_STANDARD = "gnu++14";
				CLANG_CXX_LIBRARY = "libc++";
				CLANG_ENABLE_MODULES = YES;
				CLANG_ENABLE_OBJC_ARC = YES;
				CLANG_ENABLE_OBJC_WEAK = YES;
				CLANG_WARN_BLOCK_CAPTURE_AUTORELEASING = YES;
				CLANG_WARN_BOOL_CONVERSION = YES;
				CLANG_WARN_COMMA = YES;
				CLANG_WARN_CONSTANT_CONVERSION = YES;
				CLANG_WARN_DEPRECATED_OBJC_IMPLEMENTATIONS = YES;
				CLANG_WARN_DIRECT_OBJC_ISA_USAGE = YES_ERROR;
				CLANG_WARN_DOCUMENTATION_COMMENTS = YES;
				CLANG_WARN_EMPTY_BODY = YES;
				CLANG_WARN_ENUM_CONVERSION = YES;
				CLANG_WARN_INFINITE_RECURSION = YES;
				CLANG_WARN_INT_CONVERSION = YES;
				CLANG_WARN_NON_LITERAL_NULL_CONVERSION = YES;
				CLANG_WARN_OBJC_IMPLICIT_RETAIN_SELF = YES;
				CLANG_WARN_OBJC_LITERAL_CONVERSION = YES;
				CLANG_WARN_OBJC_ROOT_CLASS = YES_ERROR;
				CLANG_WARN_QUOTED_INCLUDE_IN_FRAMEWORK_HEADER = YES;
				CLANG_WARN_RANGE_LOOP_ANALYSIS = YES;
				CLANG_WARN_STRICT_PROTOTYPES = YES;
				CLANG_WARN_SUSPICIOUS_MOVE = YES;
				CLANG_WARN_UNGUARDED_AVAILABILITY = YES_AGGRESSIVE;
				CLANG_WARN_UNREACHABLE_CODE = YES;
				CLANG_WARN__DUPLICATE_METHOD_MATCH = YES;
				COPY_PHASE_STRIP = NO;
				DEBUG_INFORMATION_FORMAT = dwarf;
				ENABLE_STRICT_OBJC_MSGSEND = YES;
				ENABLE_TESTABILITY = YES;
				GCC_C_LANGUAGE_STANDARD = gnu11;
				GCC_DYNAMIC_NO_PIC = NO;
				GCC_NO_COMMON_BLOCKS = YES;
				GCC_OPTIMIZATION_LEVEL = 0;
				GCC_PREPROCESSOR_DEFINITIONS = (
					"DEBUG=1",
					"$(inherited)",
				);
				GCC_WARN_64_TO_32_BIT_CONVERSION = YES;
				GCC_WARN_ABOUT_RETURN_TYPE = YES_ERROR;
				GCC_WARN_UNDECLARED_SELECTOR = YES;
				GCC_WARN_UNINITIALIZED_AUTOS = YES_AGGRESSIVE;
				GCC_WARN_UNUSED_FUNCTION = YES;
				GCC_WARN_UNUSED_VARIABLE = YES;
				IPHONEOS_DEPLOYMENT_TARGET = 14.3;
				MTL_ENABLE_DEBUG_INFO = INCLUDE_SOURCE;
				MTL_FAST_MATH = YES;
				ONLY_ACTIVE_ARCH = YES;
				SDKROOT = iphoneos;
				SWIFT_ACTIVE_COMPILATION_CONDITIONS = DEBUG;
				SWIFT_OPTIMIZATION_LEVEL = "-Onone";
			};
			name = Debug;
		};
		45834D0425B64B6C005E4544 /* Release */ = {
			isa = XCBuildConfiguration;
			buildSettings = {
				ALWAYS_SEARCH_USER_PATHS = NO;
				CLANG_ANALYZER_NONNULL = YES;
				CLANG_ANALYZER_NUMBER_OBJECT_CONVERSION = YES_AGGRESSIVE;
				CLANG_CXX_LANGUAGE_STANDARD = "gnu++14";
				CLANG_CXX_LIBRARY = "libc++";
				CLANG_ENABLE_MODULES = YES;
				CLANG_ENABLE_OBJC_ARC = YES;
				CLANG_ENABLE_OBJC_WEAK = YES;
				CLANG_WARN_BLOCK_CAPTURE_AUTORELEASING = YES;
				CLANG_WARN_BOOL_CONVERSION = YES;
				CLANG_WARN_COMMA = YES;
				CLANG_WARN_CONSTANT_CONVERSION = YES;
				CLANG_WARN_DEPRECATED_OBJC_IMPLEMENTATIONS = YES;
				CLANG_WARN_DIRECT_OBJC_ISA_USAGE = YES_ERROR;
				CLANG_WARN_DOCUMENTATION_COMMENTS = YES;
				CLANG_WARN_EMPTY_BODY = YES;
				CLANG_WARN_ENUM_CONVERSION = YES;
				CLANG_WARN_INFINITE_RECURSION = YES;
				CLANG_WARN_INT_CONVERSION = YES;
				CLANG_WARN_NON_LITERAL_NULL_CONVERSION = YES;
				CLANG_WARN_OBJC_IMPLICIT_RETAIN_SELF = YES;
				CLANG_WARN_OBJC_LITERAL_CONVERSION = YES;
				CLANG_WARN_OBJC_ROOT_CLASS = YES_ERROR;
				CLANG_WARN_QUOTED_INCLUDE_IN_FRAMEWORK_HEADER = YES;
				CLANG_WARN_RANGE_LOOP_ANALYSIS = YES;
				CLANG_WARN_STRICT_PROTOTYPES = YES;
				CLANG_WARN_SUSPICIOUS_MOVE = YES;
				CLANG_WARN_UNGUARDED_AVAILABILITY = YES_AGGRESSIVE;
				CLANG_WARN_UNREACHABLE_CODE = YES;
				CLANG_WARN__DUPLICATE_METHOD_MATCH = YES;
				COPY_PHASE_STRIP = NO;
				DEBUG_INFORMATION_FORMAT = "dwarf-with-dsym";
				ENABLE_NS_ASSERTIONS = NO;
				ENABLE_STRICT_OBJC_MSGSEND = YES;
				GCC_C_LANGUAGE_STANDARD = gnu11;
				GCC_NO_COMMON_BLOCKS = YES;
				GCC_WARN_64_TO_32_BIT_CONVERSION = YES;
				GCC_WARN_ABOUT_RETURN_TYPE = YES_ERROR;
				GCC_WARN_UNDECLARED_SELECTOR = YES;
				GCC_WARN_UNINITIALIZED_AUTOS = YES_AGGRESSIVE;
				GCC_WARN_UNUSED_FUNCTION = YES;
				GCC_WARN_UNUSED_VARIABLE = YES;
				IPHONEOS_DEPLOYMENT_TARGET = 14.3;
				MTL_ENABLE_DEBUG_INFO = NO;
				MTL_FAST_MATH = YES;
				SDKROOT = iphoneos;
				SWIFT_COMPILATION_MODE = wholemodule;
				SWIFT_OPTIMIZATION_LEVEL = "-O";
				VALIDATE_PRODUCT = YES;
			};
			name = Release;
		};
		45834D0625B64B6C005E4544 /* Debug */ = {
			isa = XCBuildConfiguration;
			baseConfigurationReference = 9721D6F57CDAB7A4B037ACFC /* Pods-iOS-UISample.debug.xcconfig */;
			buildSettings = {
				ASSETCATALOG_COMPILER_APPICON_NAME = AppIcon;
				ASSETCATALOG_COMPILER_GLOBAL_ACCENT_COLOR_NAME = AccentColor;
				CODE_SIGN_STYLE = Automatic;
				INFOPLIST_FILE = "iOS-UISample/Info.plist";
				IPHONEOS_DEPLOYMENT_TARGET = 13.0;
				LD_RUNPATH_SEARCH_PATHS = (
					"$(inherited)",
					"@executable_path/Frameworks",
				);
				PRODUCT_BUNDLE_IDENTIFIER = "com.nagisa.iOS-UISample";
				PRODUCT_NAME = "$(TARGET_NAME)";
				SWIFT_VERSION = 5.0;
				TARGETED_DEVICE_FAMILY = 1;
			};
			name = Debug;
		};
		45834D0725B64B6C005E4544 /* Release */ = {
			isa = XCBuildConfiguration;
			baseConfigurationReference = 7F33030918567F7F01390B00 /* Pods-iOS-UISample.release.xcconfig */;
			buildSettings = {
				ASSETCATALOG_COMPILER_APPICON_NAME = AppIcon;
				ASSETCATALOG_COMPILER_GLOBAL_ACCENT_COLOR_NAME = AccentColor;
				CODE_SIGN_STYLE = Automatic;
				INFOPLIST_FILE = "iOS-UISample/Info.plist";
				IPHONEOS_DEPLOYMENT_TARGET = 13.0;
				LD_RUNPATH_SEARCH_PATHS = (
					"$(inherited)",
					"@executable_path/Frameworks",
				);
				PRODUCT_BUNDLE_IDENTIFIER = "com.nagisa.iOS-UISample";
				PRODUCT_NAME = "$(TARGET_NAME)";
				SWIFT_VERSION = 5.0;
				TARGETED_DEVICE_FAMILY = 1;
			};
			name = Release;
		};
/* End XCBuildConfiguration section */

/* Begin XCConfigurationList section */
		45834CEC25B64B6A005E4544 /* Build configuration list for PBXProject "iOS-UISample" */ = {
			isa = XCConfigurationList;
			buildConfigurations = (
				45834D0325B64B6C005E4544 /* Debug */,
				45834D0425B64B6C005E4544 /* Release */,
			);
			defaultConfigurationIsVisible = 0;
			defaultConfigurationName = Release;
		};
		45834D0525B64B6C005E4544 /* Build configuration list for PBXNativeTarget "iOS-UISample" */ = {
			isa = XCConfigurationList;
			buildConfigurations = (
				45834D0625B64B6C005E4544 /* Debug */,
				45834D0725B64B6C005E4544 /* Release */,
			);
			defaultConfigurationIsVisible = 0;
			defaultConfigurationName = Release;
		};
/* End XCConfigurationList section */
	};
	rootObject = 45834CE925B64B6A005E4544 /* Project object */;
}
