// !$*UTF8*$!
{
	archiveVersion = 1;
	classes = {
	};
	objectVersion = 50;
	objects = {

/* Begin PBXBuildFile section */
		45834CF525B64B6A005E4544 /* AppDelegate.swift in Sources */ = {isa = PBXBuildFile; fileRef = 45834CF425B64B6A005E4544 /* AppDelegate.swift */; };
		45834CF725B64B6A005E4544 /* SceneDelegate.swift in Sources */ = {isa = PBXBuildFile; fileRef = 45834CF625B64B6A005E4544 /* SceneDelegate.swift */; };
		45834CF925B64B6A005E4544 /* ViewController.swift in Sources */ = {isa = PBXBuildFile; fileRef = 45834CF825B64B6A005E4544 /* ViewController.swift */; };
		45834CFC25B64B6A005E4544 /* Main.storyboard in Resources */ = {isa = PBXBuildFile; fileRef = 45834CFA25B64B6A005E4544 /* Main.storyboard */; };
		45834CFE25B64B6C005E4544 /* Assets.xcassets in Resources */ = {isa = PBXBuildFile; fileRef = 45834CFD25B64B6C005E4544 /* Assets.xcassets */; };
		45834D0125B64B6C005E4544 /* LaunchScreen.storyboard in Resources */ = {isa = PBXBuildFile; fileRef = 45834CFF25B64B6C005E4544 /* LaunchScreen.storyboard */; };
/* End PBXBuildFile section */

/* Begin PBXFileReference section */
		45834CF125B64B6A005E4544 /* iOS-UISample.app */ = {isa = PBXFileReference; explicitFileType = wrapper.application; includeInIndex = 0; path = "iOS-UISample.app"; sourceTree = BUILT_PRODUCTS_DIR; };
		45834CF425B64B6A005E4544 /* AppDelegate.swift */ = {isa = PBXFileReference; lastKnownFileType = sourcecode.swift; path = AppDelegate.swift; sourceTree = "<group>"; };
		45834CF625B64B6A005E4544 /* SceneDelegate.swift */ = {isa = PBXFileReference; lastKnownFileType = sourcecode.swift; path = SceneDelegate.swift; sourceTree = "<group>"; };
		45834CF825B64B6A005E4544 /* ViewController.swift */ = {isa = PBXFileReference; lastKnownFileType = sourcecode.swift; path = ViewController.swift; sourceTree = "<group>"; };
		45834CFB25B64B6A005E4544 /* Base */ = {isa = PBXFileReference; lastKnownFileType = file.storyboard; name = Base; path = Base.lproj/Main.storyboard; sourceTree = "<group>"; };
		45834CFD25B64B6C005E4544 /* Assets.xcassets */ = {isa = PBXFileReference; lastKnownFileType = folder.assetcatalog; path = Assets.xcassets; sourceTree = "<group>"; };
		45834D0025B64B6C005E4544 /* Base */ = {isa = PBXFileReference; lastKnownFileType = file.storyboard; name = Base; path = Base.lproj/LaunchScreen.storyboard; sourceTree = "<group>"; };
		45834D0225B64B6C005E4544 /* Info.plist */ = {isa = PBXFileReference; lastKnownFileType = text.plist.xml; path = Info.plist; sourceTree = "<group>"; };
/* End PBXFileReference section */

/* Begin PBXFrameworksBuildPhase section */
		45834CEE25B64B6A005E4544 /* Frameworks */ = {
			isa = PBXFrameworksBuildPhase;
			buildActionMask = 2147483647;
			files = (
			);
			runOnlyForDeploymentPostprocessing = 0;
		};
/* End PBXFrameworksBuildPhase section */

/* Begin PBXGroup section */
		45834CE825B64B6A005E4544 = {
			isa = PBXGroup;
			children = (
				45834CF325B64B6A005E4544 /* iOS-UISample */,
				45834CF225B64B6A005E4544 /* Products */,
			);
			sourceTree = "<group>";
		};
		45834CF225B64B6A005E4544 /* Products */ = {
			isa = PBXGroup;
			children = (
				45834CF125B64B6A005E4544 /* iOS-UISample.app */,
			);
			name = Products;
			sourceTree = "<group>";
		};
		45834CF325B64B6A005E4544 /* iOS-UISample */ = {
			isa = PBXGroup;
			children = (
				45834CF425B64B6A005E4544 /* AppDelegate.swift */,
				45834CF625B64B6A005E4544 /* SceneDelegate.swift */,
				45834CF825B64B6A005E4544 /* ViewController.swift */,
				45834CFA25B64B6A005E4544 /* Main.storyboard */,
				45834CFD25B64B6C005E4544 /* Assets.xcassets */,
				45834CFF25B64B6C005E4544 /* LaunchScreen.storyboard */,
				45834D0225B64B6C005E4544 /* Info.plist */,
			);
			path = "iOS-UISample";
			sourceTree = "<group>";
		};
/* End PBXGroup section */

/* Begin PBXNativeTarget section */
		45834CF025B64B6A005E4544 /* iOS-UISample */ = {
			isa = PBXNativeTarget;
			buildConfigurationList = 45834D0525B64B6C005E4544 /* Build configuration list for PBXNativeTarget "iOS-UISample" */;
			buildPhases = (
				45834CED25B64B6A005E4544 /* Sources */,
				45834CEE25B64B6A005E4544 /* Frameworks */,
				45834CEF25B64B6A005E4544 /* Resources */,
			);
			buildRules = (
			);
			dependencies = (
			);
			name = "iOS-UISample";
			productName = "iOS-UISample";
			productReference = 45834CF125B64B6A005E4544 /* iOS-UISample.app */;
			productType = "com.apple.product-type.application";
		};
/* End PBXNativeTarget section */

/* Begin PBXProject section */
		45834CE925B64B6A005E4544 /* Project object */ = {
			isa = PBXProject;
			attributes = {
				LastSwiftUpdateCheck = 1230;
				LastUpgradeCheck = 1230;
				TargetAttributes = {
					45834CF025B64B6A005E4544 = {
						CreatedOnToolsVersion = 12.3;
					};
				};
			};
			buildConfigurationList = 45834CEC25B64B6A005E4544 /* Build configuration list for PBXProject "iOS-UISample" */;
			compatibilityVersion = "Xcode 9.3";
			developmentRegion = en;
			hasScannedForEncodings = 0;
			knownRegions = (
				en,
				Base,
			);
			mainGroup = 45834CE825B64B6A005E4544;
			productRefGroup = 45834CF225B64B6A005E4544 /* Products */;
			projectDirPath = "";
			projectRoot = "";
			targets = (
				45834CF025B64B6A005E4544 /* iOS-UISample */,
			);
		};
/* End PBXProject section */

/* Begin PBXResourcesBuildPhase section */
		45834CEF25B64B6A005E4544 /* Resources */ = {
			isa = PBXResourcesBuildPhase;
			buildActionMask = 2147483647;
			files = (
				45834D0125B64B6C005E4544 /* LaunchScreen.storyboard in Resources */,
				45834CFE25B64B6C005E4544 /* Assets.xcassets in Resources */,
				45834CFC25B64B6A005E4544 /* Main.storyboard in Resources */,
			);
			runOnlyForDeploymentPostprocessing = 0;
		};
/* End PBXResourcesBuildPhase section */

/* Begin PBXSourcesBuildPhase section */
		45834CED25B64B6A005E4544 /* Sources */ = {
			isa = PBXSourcesBuildPhase;
			buildActionMask = 2147483647;
			files = (
				45834CF925B64B6A005E4544 /* ViewController.swift in Sources */,
				45834CF525B64B6A005E4544 /* AppDelegate.swift in Sources */,
				45834CF725B64B6A005E4544 /* SceneDelegate.swift in Sources */,
			);
			runOnlyForDeploymentPostprocessing = 0;
		};
/* End PBXSourcesBuildPhase section */

/* Begin PBXVariantGroup section */
		45834CFA25B64B6A005E4544 /* Main.storyboard */ = {
			isa = PBXVariantGroup;
			children = (
				45834CFB25B64B6A005E4544 /* Base */,
			);
			name = Main.storyboard;
			sourceTree = "<group>";
		};
		45834CFF25B64B6C005E4544 /* LaunchScreen.storyboard */ = {
			isa = PBXVariantGroup;
			children = (
				45834D0025B64B6C005E4544 /* Base */,
			);
			name = LaunchScreen.storyboard;
			sourceTree = "<group>";
		};
/* End PBXVariantGroup section */

/* Begin XCBuildConfiguration section */
		45834D0325B64B6C005E4544 /* Debug */ = {
			isa = XCBuildConfiguration;
			buildSettings = {
				ALWAYS_SEARCH_USER_PATHS = NO;
				CLANG_ANALYZER_NONNULL = YES;
				CLANG_ANALYZER_NUMBER_OBJECT_CONVERSION = YES_AGGRESSIVE;
				CLANG_CXX_LANGUAGE_STANDARD = "gnu++14";
				CLANG_CXX_LIBRARY = "libc++";
				CLANG_ENABLE_MODULES = YES;
				CLANG_ENABLE_OBJC_ARC = YES;
				CLANG_ENABLE_OBJC_WEAK = YES;
				CLANG_WARN_BLOCK_CAPTURE_AUTORELEASING = YES;
				CLANG_WARN_BOOL_CONVERSION = YES;
				CLANG_WARN_COMMA = YES;
				CLANG_WARN_CONSTANT_CONVERSION = YES;
				CLANG_WARN_DEPRECATED_OBJC_IMPLEMENTATIONS = YES;
				CLANG_WARN_DIRECT_OBJC_ISA_USAGE = YES_ERROR;
				CLANG_WARN_DOCUMENTATION_COMMENTS = YES;
				CLANG_WARN_EMPTY_BODY = YES;
				CLANG_WARN_ENUM_CONVERSION = YES;
				CLANG_WARN_INFINITE_RECURSION = YES;
				CLANG_WARN_INT_CONVERSION = YES;
				CLANG_WARN_NON_LITERAL_NULL_CONVERSION = YES;
				CLANG_WARN_OBJC_IMPLICIT_RETAIN_SELF = YES;
				CLANG_WARN_OBJC_LITERAL_CONVERSION = YES;
				CLANG_WARN_OBJC_ROOT_CLASS = YES_ERROR;
				CLANG_WARN_QUOTED_INCLUDE_IN_FRAMEWORK_HEADER = YES;
				CLANG_WARN_RANGE_LOOP_ANALYSIS = YES;
				CLANG_WARN_STRICT_PROTOTYPES = YES;
				CLANG_WARN_SUSPICIOUS_MOVE = YES;
				CLANG_WARN_UNGUARDED_AVAILABILITY = YES_AGGRESSIVE;
				CLANG_WARN_UNREACHABLE_CODE = YES;
				CLANG_WARN__DUPLICATE_METHOD_MATCH = YES;
				COPY_PHASE_STRIP = NO;
				DEBUG_INFORMATION_FORMAT = dwarf;
				ENABLE_STRICT_OBJC_MSGSEND = YES;
				ENABLE_TESTABILITY = YES;
				GCC_C_LANGUAGE_STANDARD = gnu11;
				GCC_DYNAMIC_NO_PIC = NO;
				GCC_NO_COMMON_BLOCKS = YES;
				GCC_OPTIMIZATION_LEVEL = 0;
				GCC_PREPROCESSOR_DEFINITIONS = (
					"DEBUG=1",
					"$(inherited)",
				);
				GCC_WARN_64_TO_32_BIT_CONVERSION = YES;
				GCC_WARN_ABOUT_RETURN_TYPE = YES_ERROR;
				GCC_WARN_UNDECLARED_SELECTOR = YES;
				GCC_WARN_UNINITIALIZED_AUTOS = YES_AGGRESSIVE;
				GCC_WARN_UNUSED_FUNCTION = YES;
				GCC_WARN_UNUSED_VARIABLE = YES;
				IPHONEOS_DEPLOYMENT_TARGET = 14.3;
				MTL_ENABLE_DEBUG_INFO = INCLUDE_SOURCE;
				MTL_FAST_MATH = YES;
				ONLY_ACTIVE_ARCH = YES;
				SDKROOT = iphoneos;
				SWIFT_ACTIVE_COMPILATION_CONDITIONS = DEBUG;
				SWIFT_OPTIMIZATION_LEVEL = "-Onone";
			};
			name = Debug;
		};
		45834D0425B64B6C005E4544 /* Release */ = {
			isa = XCBuildConfiguration;
			buildSettings = {
				ALWAYS_SEARCH_USER_PATHS = NO;
				CLANG_ANALYZER_NONNULL = YES;
				CLANG_ANALYZER_NUMBER_OBJECT_CONVERSION = YES_AGGRESSIVE;
				CLANG_CXX_LANGUAGE_STANDARD = "gnu++14";
				CLANG_CXX_LIBRARY = "libc++";
				CLANG_ENABLE_MODULES = YES;
				CLANG_ENABLE_OBJC_ARC = YES;
				CLANG_ENABLE_OBJC_WEAK = YES;
				CLANG_WARN_BLOCK_CAPTURE_AUTORELEASING = YES;
				CLANG_WARN_BOOL_CONVERSION = YES;
				CLANG_WARN_COMMA = YES;
				CLANG_WARN_CONSTANT_CONVERSION = YES;
				CLANG_WARN_DEPRECATED_OBJC_IMPLEMENTATIONS = YES;
				CLANG_WARN_DIRECT_OBJC_ISA_USAGE = YES_ERROR;
				CLANG_WARN_DOCUMENTATION_COMMENTS = YES;
				CLANG_WARN_EMPTY_BODY = YES;
				CLANG_WARN_ENUM_CONVERSION = YES;
				CLANG_WARN_INFINITE_RECURSION = YES;
				CLANG_WARN_INT_CONVERSION = YES;
				CLANG_WARN_NON_LITERAL_NULL_CONVERSION = YES;
				CLANG_WARN_OBJC_IMPLICIT_RETAIN_SELF = YES;
				CLANG_WARN_OBJC_LITERAL_CONVERSION = YES;
				CLANG_WARN_OBJC_ROOT_CLASS = YES_ERROR;
				CLANG_WARN_QUOTED_INCLUDE_IN_FRAMEWORK_HEADER = YES;
				CLANG_WARN_RANGE_LOOP_ANALYSIS = YES;
				CLANG_WARN_STRICT_PROTOTYPES = YES;
				CLANG_WARN_SUSPICIOUS_MOVE = YES;
				CLANG_WARN_UNGUARDED_AVAILABILITY = YES_AGGRESSIVE;
				CLANG_WARN_UNREACHABLE_CODE = YES;
				CLANG_WARN__DUPLICATE_METHOD_MATCH = YES;
				COPY_PHASE_STRIP = NO;
				DEBUG_INFORMATION_FORMAT = "dwarf-with-dsym";
				ENABLE_NS_ASSERTIONS = NO;
				ENABLE_STRICT_OBJC_MSGSEND = YES;
				GCC_C_LANGUAGE_STANDARD = gnu11;
				GCC_NO_COMMON_BLOCKS = YES;
				GCC_WARN_64_TO_32_BIT_CONVERSION = YES;
				GCC_WARN_ABOUT_RETURN_TYPE = YES_ERROR;
				GCC_WARN_UNDECLARED_SELECTOR = YES;
				GCC_WARN_UNINITIALIZED_AUTOS = YES_AGGRESSIVE;
				GCC_WARN_UNUSED_FUNCTION = YES;
				GCC_WARN_UNUSED_VARIABLE = YES;
				IPHONEOS_DEPLOYMENT_TARGET = 14.3;
				MTL_ENABLE_DEBUG_INFO = NO;
				MTL_FAST_MATH = YES;
				SDKROOT = iphoneos;
				SWIFT_COMPILATION_MODE = wholemodule;
				SWIFT_OPTIMIZATION_LEVEL = "-O";
				VALIDATE_PRODUCT = YES;
			};
			name = Release;
		};
		45834D0625B64B6C005E4544 /* Debug */ = {
			isa = XCBuildConfiguration;
			buildSettings = {
				ASSETCATALOG_COMPILER_APPICON_NAME = AppIcon;
				ASSETCATALOG_COMPILER_GLOBAL_ACCENT_COLOR_NAME = AccentColor;
				CODE_SIGN_STYLE = Automatic;
				INFOPLIST_FILE = "iOS-UISample/Info.plist";
				IPHONEOS_DEPLOYMENT_TARGET = 13.0;
				LD_RUNPATH_SEARCH_PATHS = (
					"$(inherited)",
					"@executable_path/Frameworks",
				);
				PRODUCT_BUNDLE_IDENTIFIER = "com.nagisa.iOS-UISample";
				PRODUCT_NAME = "$(TARGET_NAME)";
				SWIFT_VERSION = 5.0;
				TARGETED_DEVICE_FAMILY = "1,2";
			};
			name = Debug;
		};
		45834D0725B64B6C005E4544 /* Release */ = {
			isa = XCBuildConfiguration;
			buildSettings = {
				ASSETCATALOG_COMPILER_APPICON_NAME = AppIcon;
				ASSETCATALOG_COMPILER_GLOBAL_ACCENT_COLOR_NAME = AccentColor;
				CODE_SIGN_STYLE = Automatic;
				INFOPLIST_FILE = "iOS-UISample/Info.plist";
				IPHONEOS_DEPLOYMENT_TARGET = 13.0;
				LD_RUNPATH_SEARCH_PATHS = (
					"$(inherited)",
					"@executable_path/Frameworks",
				);
				PRODUCT_BUNDLE_IDENTIFIER = "com.nagisa.iOS-UISample";
				PRODUCT_NAME = "$(TARGET_NAME)";
				SWIFT_VERSION = 5.0;
				TARGETED_DEVICE_FAMILY = "1,2";
			};
			name = Release;
		};
/* End XCBuildConfiguration section */

/* Begin XCConfigurationList section */
		45834CEC25B64B6A005E4544 /* Build configuration list for PBXProject "iOS-UISample" */ = {
			isa = XCConfigurationList;
			buildConfigurations = (
				45834D0325B64B6C005E4544 /* Debug */,
				45834D0425B64B6C005E4544 /* Release */,
			);
			defaultConfigurationIsVisible = 0;
			defaultConfigurationName = Release;
		};
		45834D0525B64B6C005E4544 /* Build configuration list for PBXNativeTarget "iOS-UISample" */ = {
			isa = XCConfigurationList;
			buildConfigurations = (
				45834D0625B64B6C005E4544 /* Debug */,
				45834D0725B64B6C005E4544 /* Release */,
			);
			defaultConfigurationIsVisible = 0;
			defaultConfigurationName = Release;
		};
/* End XCConfigurationList section */
	};
	rootObject = 45834CE925B64B6A005E4544 /* Project object */;
}
